// !$*UTF8*$!
{
	archiveVersion = 1;
	classes = {
	};
	objectVersion = 56;
	objects = {

/* Begin PBXBuildFile section */
		462386842C788A8400F8BFE8 /* AppDelegate.swift in Sources */ = {isa = PBXBuildFile; fileRef = 462386832C788A8400F8BFE8 /* AppDelegate.swift */; };
		462386862C788A8400F8BFE8 /* SceneDelegate.swift in Sources */ = {isa = PBXBuildFile; fileRef = 462386852C788A8400F8BFE8 /* SceneDelegate.swift */; };
		462386882C788A8400F8BFE8 /* GoodsCollectionViewController.swift in Sources */ = {isa = PBXBuildFile; fileRef = 462386872C788A8400F8BFE8 /* GoodsCollectionViewController.swift */; };
		4623868D2C788A8700F8BFE8 /* Assets.xcassets in Resources */ = {isa = PBXBuildFile; fileRef = 4623868C2C788A8700F8BFE8 /* Assets.xcassets */; };
		462386902C788A8700F8BFE8 /* Base in Resources */ = {isa = PBXBuildFile; fileRef = 4623868F2C788A8700F8BFE8 /* Base */; };
		462386992C79159400F8BFE8 /* GoodsCollectionViewCell.swift in Sources */ = {isa = PBXBuildFile; fileRef = 462386982C79159300F8BFE8 /* GoodsCollectionViewCell.swift */; };
		4623869B2C7CC99100F8BFE8 /* GoodsModel.swift in Sources */ = {isa = PBXBuildFile; fileRef = 4623869A2C7CC99100F8BFE8 /* GoodsModel.swift */; };
		4623869D2C7CC9A300F8BFE8 /* NetworkManager.swift in Sources */ = {isa = PBXBuildFile; fileRef = 4623869C2C7CC9A300F8BFE8 /* NetworkManager.swift */; };
		4623869F2C7CC9C500F8BFE8 /* GoodsViewModel.swift in Sources */ = {isa = PBXBuildFile; fileRef = 4623869E2C7CC9C500F8BFE8 /* GoodsViewModel.swift */; };
/* End PBXBuildFile section */

/* Begin PBXFileReference section */
		462386802C788A8400F8BFE8 /* Vodovoz.TestCase.app */ = {isa = PBXFileReference; explicitFileType = wrapper.application; includeInIndex = 0; path = Vodovoz.TestCase.app; sourceTree = BUILT_PRODUCTS_DIR; };
		462386832C788A8400F8BFE8 /* AppDelegate.swift */ = {isa = PBXFileReference; lastKnownFileType = sourcecode.swift; path = AppDelegate.swift; sourceTree = "<group>"; };
		462386852C788A8400F8BFE8 /* SceneDelegate.swift */ = {isa = PBXFileReference; lastKnownFileType = sourcecode.swift; path = SceneDelegate.swift; sourceTree = "<group>"; };
		462386872C788A8400F8BFE8 /* GoodsCollectionViewController.swift */ = {isa = PBXFileReference; lastKnownFileType = sourcecode.swift; path = GoodsCollectionViewController.swift; sourceTree = "<group>"; };
		4623868C2C788A8700F8BFE8 /* Assets.xcassets */ = {isa = PBXFileReference; lastKnownFileType = folder.assetcatalog; path = Assets.xcassets; sourceTree = "<group>"; };
		4623868F2C788A8700F8BFE8 /* Base */ = {isa = PBXFileReference; lastKnownFileType = file.storyboard; name = Base; path = Base.lproj/LaunchScreen.storyboard; sourceTree = "<group>"; };
		462386912C788A8700F8BFE8 /* Info.plist */ = {isa = PBXFileReference; lastKnownFileType = text.plist.xml; path = Info.plist; sourceTree = "<group>"; };
		462386982C79159300F8BFE8 /* GoodsCollectionViewCell.swift */ = {isa = PBXFileReference; lastKnownFileType = sourcecode.swift; path = GoodsCollectionViewCell.swift; sourceTree = "<group>"; };
		4623869A2C7CC99100F8BFE8 /* GoodsModel.swift */ = {isa = PBXFileReference; lastKnownFileType = sourcecode.swift; path = GoodsModel.swift; sourceTree = "<group>"; };
		4623869C2C7CC9A300F8BFE8 /* NetworkManager.swift */ = {isa = PBXFileReference; lastKnownFileType = sourcecode.swift; path = NetworkManager.swift; sourceTree = "<group>"; };
		4623869E2C7CC9C500F8BFE8 /* GoodsViewModel.swift */ = {isa = PBXFileReference; lastKnownFileType = sourcecode.swift; path = GoodsViewModel.swift; sourceTree = "<group>"; };
/* End PBXFileReference section */

/* Begin PBXFrameworksBuildPhase section */
		4623867D2C788A8400F8BFE8 /* Frameworks */ = {
			isa = PBXFrameworksBuildPhase;
			buildActionMask = 2147483647;
			files = (
			);
			runOnlyForDeploymentPostprocessing = 0;
		};
/* End PBXFrameworksBuildPhase section */

/* Begin PBXGroup section */
		462386772C788A8400F8BFE8 = {
			isa = PBXGroup;
			children = (
				462386822C788A8400F8BFE8 /* Vodovoz.TestCase */,
				462386812C788A8400F8BFE8 /* Products */,
			);
			sourceTree = "<group>";
		};
		462386812C788A8400F8BFE8 /* Products */ = {
			isa = PBXGroup;
			children = (
				462386802C788A8400F8BFE8 /* Vodovoz.TestCase.app */,
			);
			name = Products;
			sourceTree = "<group>";
		};
		462386822C788A8400F8BFE8 /* Vodovoz.TestCase */ = {
			isa = PBXGroup;
			children = (
				462386832C788A8400F8BFE8 /* AppDelegate.swift */,
				462386852C788A8400F8BFE8 /* SceneDelegate.swift */,
				462386972C788B4800F8BFE8 /* V */,
				4623869C2C7CC9A300F8BFE8 /* NetworkManager.swift */,
				4623868C2C788A8700F8BFE8 /* Assets.xcassets */,
				4623868E2C788A8700F8BFE8 /* LaunchScreen.storyboard */,
				462386912C788A8700F8BFE8 /* Info.plist */,
			);
			path = Vodovoz.TestCase;
			sourceTree = "<group>";
		};
		462386972C788B4800F8BFE8 /* V */ = {
			isa = PBXGroup;
			children = (
				462386A02C7CC9CC00F8BFE8 /* View */,
				462386872C788A8400F8BFE8 /* GoodsCollectionViewController.swift */,
				4623869A2C7CC99100F8BFE8 /* GoodsModel.swift */,
				4623869E2C7CC9C500F8BFE8 /* GoodsViewModel.swift */,
			);
			path = V;
			sourceTree = "<group>";
		};
		462386A02C7CC9CC00F8BFE8 /* View */ = {
			isa = PBXGroup;
			children = (
				462386982C79159300F8BFE8 /* GoodsCollectionViewCell.swift */,
			);
			path = View;
			sourceTree = "<group>";
		};
/* End PBXGroup section */

/* Begin PBXNativeTarget section */
		4623867F2C788A8400F8BFE8 /* Vodovoz.TestCase */ = {
			isa = PBXNativeTarget;
			buildConfigurationList = 462386942C788A8700F8BFE8 /* Build configuration list for PBXNativeTarget "Vodovoz.TestCase" */;
			buildPhases = (
				4623867C2C788A8400F8BFE8 /* Sources */,
				4623867D2C788A8400F8BFE8 /* Frameworks */,
				4623867E2C788A8400F8BFE8 /* Resources */,
			);
			buildRules = (
			);
			dependencies = (
			);
			name = Vodovoz.TestCase;
			productName = Vodovoz.TestCase;
			productReference = 462386802C788A8400F8BFE8 /* Vodovoz.TestCase.app */;
			productType = "com.apple.product-type.application";
		};
/* End PBXNativeTarget section */

/* Begin PBXProject section */
		462386782C788A8400F8BFE8 /* Project object */ = {
			isa = PBXProject;
			attributes = {
				BuildIndependentTargetsInParallel = 1;
				LastSwiftUpdateCheck = 1530;
				LastUpgradeCheck = 1530;
				TargetAttributes = {
					4623867F2C788A8400F8BFE8 = {
						CreatedOnToolsVersion = 15.3;
					};
				};
			};
			buildConfigurationList = 4623867B2C788A8400F8BFE8 /* Build configuration list for PBXProject "Vodovoz.TestCase" */;
			compatibilityVersion = "Xcode 14.0";
			developmentRegion = en;
			hasScannedForEncodings = 0;
			knownRegions = (
				en,
				Base,
			);
			mainGroup = 462386772C788A8400F8BFE8;
			productRefGroup = 462386812C788A8400F8BFE8 /* Products */;
			projectDirPath = "";
			projectRoot = "";
			targets = (
				4623867F2C788A8400F8BFE8 /* Vodovoz.TestCase */,
			);
		};
/* End PBXProject section */

/* Begin PBXResourcesBuildPhase section */
		4623867E2C788A8400F8BFE8 /* Resources */ = {
			isa = PBXResourcesBuildPhase;
			buildActionMask = 2147483647;
			files = (
				4623868D2C788A8700F8BFE8 /* Assets.xcassets in Resources */,
				462386902C788A8700F8BFE8 /* Base in Resources */,
			);
			runOnlyForDeploymentPostprocessing = 0;
		};
/* End PBXResourcesBuildPhase section */

/* Begin PBXSourcesBuildPhase section */
		4623867C2C788A8400F8BFE8 /* Sources */ = {
			isa = PBXSourcesBuildPhase;
			buildActionMask = 2147483647;
			files = (
				4623869D2C7CC9A300F8BFE8 /* NetworkManager.swift in Sources */,
				462386882C788A8400F8BFE8 /* GoodsCollectionViewController.swift in Sources */,
				462386842C788A8400F8BFE8 /* AppDelegate.swift in Sources */,
				462386862C788A8400F8BFE8 /* SceneDelegate.swift in Sources */,
				4623869B2C7CC99100F8BFE8 /* GoodsModel.swift in Sources */,
				462386992C79159400F8BFE8 /* GoodsCollectionViewCell.swift in Sources */,
				4623869F2C7CC9C500F8BFE8 /* GoodsViewModel.swift in Sources */,
			);
			runOnlyForDeploymentPostprocessing = 0;
		};
/* End PBXSourcesBuildPhase section */

/* Begin PBXVariantGroup section */
		4623868E2C788A8700F8BFE8 /* LaunchScreen.storyboard */ = {
			isa = PBXVariantGroup;
			children = (
				4623868F2C788A8700F8BFE8 /* Base */,
			);
			name = LaunchScreen.storyboard;
			sourceTree = "<group>";
		};
/* End PBXVariantGroup section */

/* Begin XCBuildConfiguration section */
		462386922C788A8700F8BFE8 /* Debug */ = {
			isa = XCBuildConfiguration;
			buildSettings = {
				ALWAYS_SEARCH_USER_PATHS = NO;
				ASSETCATALOG_COMPILER_GENERATE_SWIFT_ASSET_SYMBOL_EXTENSIONS = YES;
				CLANG_ANALYZER_NONNULL = YES;
				CLANG_ANALYZER_NUMBER_OBJECT_CONVERSION = YES_AGGRESSIVE;
				CLANG_CXX_LANGUAGE_STANDARD = "gnu++20";
				CLANG_ENABLE_MODULES = YES;
				CLANG_ENABLE_OBJC_ARC = YES;
				CLANG_ENABLE_OBJC_WEAK = YES;
				CLANG_WARN_BLOCK_CAPTURE_AUTORELEASING = YES;
				CLANG_WARN_BOOL_CONVERSION = YES;
				CLANG_WARN_COMMA = YES;
				CLANG_WARN_CONSTANT_CONVERSION = YES;
				CLANG_WARN_DEPRECATED_OBJC_IMPLEMENTATIONS = YES;
				CLANG_WARN_DIRECT_OBJC_ISA_USAGE = YES_ERROR;
				CLANG_WARN_DOCUMENTATION_COMMENTS = YES;
				CLANG_WARN_EMPTY_BODY = YES;
				CLANG_WARN_ENUM_CONVERSION = YES;
				CLANG_WARN_INFINITE_RECURSION = YES;
				CLANG_WARN_INT_CONVERSION = YES;
				CLANG_WARN_NON_LITERAL_NULL_CONVERSION = YES;
				CLANG_WARN_OBJC_IMPLICIT_RETAIN_SELF = YES;
				CLANG_WARN_OBJC_LITERAL_CONVERSION = YES;
				CLANG_WARN_OBJC_ROOT_CLASS = YES_ERROR;
				CLANG_WARN_QUOTED_INCLUDE_IN_FRAMEWORK_HEADER = YES;
				CLANG_WARN_RANGE_LOOP_ANALYSIS = YES;
				CLANG_WARN_STRICT_PROTOTYPES = YES;
				CLANG_WARN_SUSPICIOUS_MOVE = YES;
				CLANG_WARN_UNGUARDED_AVAILABILITY = YES_AGGRESSIVE;
				CLANG_WARN_UNREACHABLE_CODE = YES;
				CLANG_WARN__DUPLICATE_METHOD_MATCH = YES;
				COPY_PHASE_STRIP = NO;
				DEBUG_INFORMATION_FORMAT = dwarf;
				ENABLE_STRICT_OBJC_MSGSEND = YES;
				ENABLE_TESTABILITY = YES;
				ENABLE_USER_SCRIPT_SANDBOXING = YES;
				GCC_C_LANGUAGE_STANDARD = gnu17;
				GCC_DYNAMIC_NO_PIC = NO;
				GCC_NO_COMMON_BLOCKS = YES;
				GCC_OPTIMIZATION_LEVEL = 0;
				GCC_PREPROCESSOR_DEFINITIONS = (
					"DEBUG=1",
					"$(inherited)",
				);
				GCC_WARN_64_TO_32_BIT_CONVERSION = YES;
				GCC_WARN_ABOUT_RETURN_TYPE = YES_ERROR;
				GCC_WARN_UNDECLARED_SELECTOR = YES;
				GCC_WARN_UNINITIALIZED_AUTOS = YES_AGGRESSIVE;
				GCC_WARN_UNUSED_FUNCTION = YES;
				GCC_WARN_UNUSED_VARIABLE = YES;
				IPHONEOS_DEPLOYMENT_TARGET = 17.4;
				LOCALIZATION_PREFERS_STRING_CATALOGS = YES;
				MTL_ENABLE_DEBUG_INFO = INCLUDE_SOURCE;
				MTL_FAST_MATH = YES;
				ONLY_ACTIVE_ARCH = YES;
				SDKROOT = iphoneos;
				SWIFT_ACTIVE_COMPILATION_CONDITIONS = "DEBUG $(inherited)";
				SWIFT_OPTIMIZATION_LEVEL = "-Onone";
			};
			name = Debug;
		};
		462386932C788A8700F8BFE8 /* Release */ = {
			isa = XCBuildConfiguration;
			buildSettings = {
				ALWAYS_SEARCH_USER_PATHS = NO;
				ASSETCATALOG_COMPILER_GENERATE_SWIFT_ASSET_SYMBOL_EXTENSIONS = YES;
				CLANG_ANALYZER_NONNULL = YES;
				CLANG_ANALYZER_NUMBER_OBJECT_CONVERSION = YES_AGGRESSIVE;
				CLANG_CXX_LANGUAGE_STANDARD = "gnu++20";
				CLANG_ENABLE_MODULES = YES;
				CLANG_ENABLE_OBJC_ARC = YES;
				CLANG_ENABLE_OBJC_WEAK = YES;
				CLANG_WARN_BLOCK_CAPTURE_AUTORELEASING = YES;
				CLANG_WARN_BOOL_CONVERSION = YES;
				CLANG_WARN_COMMA = YES;
				CLANG_WARN_CONSTANT_CONVERSION = YES;
				CLANG_WARN_DEPRECATED_OBJC_IMPLEMENTATIONS = YES;
				CLANG_WARN_DIRECT_OBJC_ISA_USAGE = YES_ERROR;
				CLANG_WARN_DOCUMENTATION_COMMENTS = YES;
				CLANG_WARN_EMPTY_BODY = YES;
				CLANG_WARN_ENUM_CONVERSION = YES;
				CLANG_WARN_INFINITE_RECURSION = YES;
				CLANG_WARN_INT_CONVERSION = YES;
				CLANG_WARN_NON_LITERAL_NULL_CONVERSION = YES;
				CLANG_WARN_OBJC_IMPLICIT_RETAIN_SELF = YES;
				CLANG_WARN_OBJC_LITERAL_CONVERSION = YES;
				CLANG_WARN_OBJC_ROOT_CLASS = YES_ERROR;
				CLANG_WARN_QUOTED_INCLUDE_IN_FRAMEWORK_HEADER = YES;
				CLANG_WARN_RANGE_LOOP_ANALYSIS = YES;
				CLANG_WARN_STRICT_PROTOTYPES = YES;
				CLANG_WARN_SUSPICIOUS_MOVE = YES;
				CLANG_WARN_UNGUARDED_AVAILABILITY = YES_AGGRESSIVE;
				CLANG_WARN_UNREACHABLE_CODE = YES;
				CLANG_WARN__DUPLICATE_METHOD_MATCH = YES;
				COPY_PHASE_STRIP = NO;
				DEBUG_INFORMATION_FORMAT = "dwarf-with-dsym";
				ENABLE_NS_ASSERTIONS = NO;
				ENABLE_STRICT_OBJC_MSGSEND = YES;
				ENABLE_USER_SCRIPT_SANDBOXING = YES;
				GCC_C_LANGUAGE_STANDARD = gnu17;
				GCC_NO_COMMON_BLOCKS = YES;
				GCC_WARN_64_TO_32_BIT_CONVERSION = YES;
				GCC_WARN_ABOUT_RETURN_TYPE = YES_ERROR;
				GCC_WARN_UNDECLARED_SELECTOR = YES;
				GCC_WARN_UNINITIALIZED_AUTOS = YES_AGGRESSIVE;
				GCC_WARN_UNUSED_FUNCTION = YES;
				GCC_WARN_UNUSED_VARIABLE = YES;
				IPHONEOS_DEPLOYMENT_TARGET = 17.4;
				LOCALIZATION_PREFERS_STRING_CATALOGS = YES;
				MTL_ENABLE_DEBUG_INFO = NO;
				MTL_FAST_MATH = YES;
				SDKROOT = iphoneos;
				SWIFT_COMPILATION_MODE = wholemodule;
				VALIDATE_PRODUCT = YES;
			};
			name = Release;
		};
		462386952C788A8700F8BFE8 /* Debug */ = {
			isa = XCBuildConfiguration;
			buildSettings = {
				ASSETCATALOG_COMPILER_APPICON_NAME = AppIcon;
				ASSETCATALOG_COMPILER_GLOBAL_ACCENT_COLOR_NAME = AccentColor;
				CODE_SIGN_STYLE = Automatic;
				CURRENT_PROJECT_VERSION = 1;
				DEVELOPMENT_TEAM = F4DM4RJXGM;
				GENERATE_INFOPLIST_FILE = YES;
				INFOPLIST_FILE = Vodovoz.TestCase/Info.plist;
				INFOPLIST_KEY_UIApplicationSupportsIndirectInputEvents = YES;
				INFOPLIST_KEY_UILaunchStoryboardName = LaunchScreen;
				INFOPLIST_KEY_UISupportedInterfaceOrientations_iPad = "UIInterfaceOrientationPortrait UIInterfaceOrientationPortraitUpsideDown UIInterfaceOrientationLandscapeLeft UIInterfaceOrientationLandscapeRight";
				INFOPLIST_KEY_UISupportedInterfaceOrientations_iPhone = "UIInterfaceOrientationPortrait UIInterfaceOrientationLandscapeLeft UIInterfaceOrientationLandscapeRight";
				LD_RUNPATH_SEARCH_PATHS = (
					"$(inherited)",
					"@executable_path/Frameworks",
				);
				MARKETING_VERSION = 1.0;
				PRODUCT_BUNDLE_IDENTIFIER = "PavelGribachev.Vodovoz-TestCase";
				PRODUCT_NAME = "$(TARGET_NAME)";
				SWIFT_EMIT_LOC_STRINGS = YES;
				SWIFT_VERSION = 5.0;
				TARGETED_DEVICE_FAMILY = "1,2";
			};
			name = Debug;
		};
		462386962C788A8700F8BFE8 /* Release */ = {
			isa = XCBuildConfiguration;
			buildSettings = {
				ASSETCATALOG_COMPILER_APPICON_NAME = AppIcon;
				ASSETCATALOG_COMPILER_GLOBAL_ACCENT_COLOR_NAME = AccentColor;
				CODE_SIGN_STYLE = Automatic;
				CURRENT_PROJECT_VERSION = 1;
				DEVELOPMENT_TEAM = F4DM4RJXGM;
				GENERATE_INFOPLIST_FILE = YES;
				INFOPLIST_FILE = Vodovoz.TestCase/Info.plist;
				INFOPLIST_KEY_UIApplicationSupportsIndirectInputEvents = YES;
				INFOPLIST_KEY_UILaunchStoryboardName = LaunchScreen;
				INFOPLIST_KEY_UISupportedInterfaceOrientations_iPad = "UIInterfaceOrientationPortrait UIInterfaceOrientationPortraitUpsideDown UIInterfaceOrientationLandscapeLeft UIInterfaceOrientationLandscapeRight";
				INFOPLIST_KEY_UISupportedInterfaceOrientations_iPhone = "UIInterfaceOrientationPortrait UIInterfaceOrientationLandscapeLeft UIInterfaceOrientationLandscapeRight";
				LD_RUNPATH_SEARCH_PATHS = (
					"$(inherited)",
					"@executable_path/Frameworks",
				);
				MARKETING_VERSION = 1.0;
				PRODUCT_BUNDLE_IDENTIFIER = "PavelGribachev.Vodovoz-TestCase";
				PRODUCT_NAME = "$(TARGET_NAME)";
				SWIFT_EMIT_LOC_STRINGS = YES;
				SWIFT_VERSION = 5.0;
				TARGETED_DEVICE_FAMILY = "1,2";
			};
			name = Release;
		};
/* End XCBuildConfiguration section */

/* Begin XCConfigurationList section */
		4623867B2C788A8400F8BFE8 /* Build configuration list for PBXProject "Vodovoz.TestCase" */ = {
			isa = XCConfigurationList;
			buildConfigurations = (
				462386922C788A8700F8BFE8 /* Debug */,
				462386932C788A8700F8BFE8 /* Release */,
			);
			defaultConfigurationIsVisible = 0;
			defaultConfigurationName = Release;
		};
		462386942C788A8700F8BFE8 /* Build configuration list for PBXNativeTarget "Vodovoz.TestCase" */ = {
			isa = XCConfigurationList;
			buildConfigurations = (
				462386952C788A8700F8BFE8 /* Debug */,
				462386962C788A8700F8BFE8 /* Release */,
			);
			defaultConfigurationIsVisible = 0;
			defaultConfigurationName = Release;
		};
/* End XCConfigurationList section */
	};
	rootObject = 462386782C788A8400F8BFE8 /* Project object */;
}
